
Microsoft Visual Studio Solution File, Format Version 12.00
# Visual Studio 2012
Project("{FAE04EC0-301F-11D3-BF4B-00C04F79EFBC}") = "Distancia", "Distancia\Distancia.csproj", "{29DEAEF9-5BBE-4B2E-9DD9-320F57524DC3}"
EndProject
Project("{FAE04EC0-301F-11D3-BF4B-00C04F79EFBC}") = "Test", "Test\Test.csproj", "{D0171198-7157-4B12-A84E-C815952A9412}"
EndProject
Global
	GlobalSection(SolutionConfigurationPlatforms) = preSolution
		Debug|Any CPU = Debug|Any CPU
		Release|Any CPU = Release|Any CPU
	EndGlobalSection
	GlobalSection(ProjectConfigurationPlatforms) = postSolution
		{29DEAEF9-5BBE-4B2E-9DD9-320F57524DC3}.Debug|Any CPU.ActiveCfg = Debug|Any CPU
		{29DEAEF9-5BBE-4B2E-9DD9-320F57524DC3}.Debug|Any CPU.Build.0 = Debug|Any CPU
		{29DEAEF9-5BBE-4B2E-9DD9-320F57524DC3}.Release|Any CPU.ActiveCfg = Release|Any CPU
		{29DEAEF9-5BBE-4B2E-9DD9-320F57524DC3}.Release|Any CPU.Build.0 = Release|Any CPU
		{D0171198-7157-4B12-A84E-C815952A9412}.Debug|Any CPU.ActiveCfg = Debug|Any CPU
		{D0171198-7157-4B12-A84E-C815952A9412}.Debug|Any CPU.Build.0 = Debug|Any CPU
		{D0171198-7157-4B12-A84E-C815952A9412}.Release|Any CPU.ActiveCfg = Release|Any CPU
		{D0171198-7157-4B12-A84E-C815952A9412}.Release|Any CPU.Build.0 = Release|Any CPU
	EndGlobalSection
	GlobalSection(SolutionProperties) = preSolution
		HideSolutionNode = FALSE
	EndGlobalSection
EndGlobal
