
Microsoft Visual Studio Solution File, Format Version 9.00
# Visual Studio 2005
Project("{FAE04EC0-301F-11D3-BF4B-00C04F79EFBC}") = "tdatp3", "tdatp3\tdatp3.csproj", "{6371F078-4A55-4CD6-B05B-32F8EC244E92}"
EndProject
Project("{FAE04EC0-301F-11D3-BF4B-00C04F79EFBC}") = "Test", "Test\Test.csproj", "{21C0742D-8781-4461-946B-B2F661A011CC}"
EndProject
Global
	GlobalSection(SolutionConfigurationPlatforms) = preSolution
		Debug|Any CPU = Debug|Any CPU
		Release|Any CPU = Release|Any CPU
	EndGlobalSection
	GlobalSection(ProjectConfigurationPlatforms) = postSolution
		{6371F078-4A55-4CD6-B05B-32F8EC244E92}.Debug|Any CPU.ActiveCfg = Debug|Any CPU
		{6371F078-4A55-4CD6-B05B-32F8EC244E92}.Debug|Any CPU.Build.0 = Debug|Any CPU
		{6371F078-4A55-4CD6-B05B-32F8EC244E92}.Release|Any CPU.ActiveCfg = Release|Any CPU
		{6371F078-4A55-4CD6-B05B-32F8EC244E92}.Release|Any CPU.Build.0 = Release|Any CPU
		{21C0742D-8781-4461-946B-B2F661A011CC}.Debug|Any CPU.ActiveCfg = Debug|Any CPU
		{21C0742D-8781-4461-946B-B2F661A011CC}.Debug|Any CPU.Build.0 = Debug|Any CPU
		{21C0742D-8781-4461-946B-B2F661A011CC}.Release|Any CPU.ActiveCfg = Release|Any CPU
		{21C0742D-8781-4461-946B-B2F661A011CC}.Release|Any CPU.Build.0 = Release|Any CPU
	EndGlobalSection
	GlobalSection(SolutionProperties) = preSolution
		HideSolutionNode = FALSE
	EndGlobalSection
EndGlobal
